
Microsoft Visual Studio Solution File, Format Version 12.00
# Visual Studio 15
VisualStudioVersion = 15.0.27130.2027
MinimumVisualStudioVersion = 10.0.40219.1
Project("{FAE04EC0-301F-11D3-BF4B-00C04F79EFBC}") = "GUIMonitor", "GUIMonitor\GUIMonitor.csproj", "{A819C5B1-B63B-472A-89F0-E74D7ED20920}"
EndProject
Global
	GlobalSection(SolutionConfigurationPlatforms) = preSolution
		Debug|Any CPU = Debug|Any CPU
		Release|Any CPU = Release|Any CPU
	EndGlobalSection
	GlobalSection(ProjectConfigurationPlatforms) = postSolution
		{A819C5B1-B63B-472A-89F0-E74D7ED20920}.Debug|Any CPU.ActiveCfg = Debug|Any CPU
		{A819C5B1-B63B-472A-89F0-E74D7ED20920}.Debug|Any CPU.Build.0 = Debug|Any CPU
		{A819C5B1-B63B-472A-89F0-E74D7ED20920}.Release|Any CPU.ActiveCfg = Release|Any CPU
		{A819C5B1-B63B-472A-89F0-E74D7ED20920}.Release|Any CPU.Build.0 = Release|Any CPU
	EndGlobalSection
	GlobalSection(SolutionProperties) = preSolution
		HideSolutionNode = FALSE
	EndGlobalSection
	GlobalSection(ExtensibilityGlobals) = postSolution
		SolutionGuid = {69DE2739-6590-4E2A-AD0E-21C4F5FCC1CF}
	EndGlobalSection
EndGlobal
