
Microsoft Visual Studio Solution File, Format Version 12.00
# Visual Studio 15
VisualStudioVersion = 15.0.27130.2027
MinimumVisualStudioVersion = 10.0.40219.1
Project("{FAE04EC0-301F-11D3-BF4B-00C04F79EFBC}") = "SubscriptionConsoleClient", "SubscriptionConsoleClient\SubscriptionConsoleClient.csproj", "{CAAF99BE-3E0C-4B7D-B3BF-A45EE75FEBC2}"
EndProject
Global
	GlobalSection(SolutionConfigurationPlatforms) = preSolution
		Debug|Any CPU = Debug|Any CPU
		Release|Any CPU = Release|Any CPU
	EndGlobalSection
	GlobalSection(ProjectConfigurationPlatforms) = postSolution
		{CAAF99BE-3E0C-4B7D-B3BF-A45EE75FEBC2}.Debug|Any CPU.ActiveCfg = Debug|Any CPU
		{CAAF99BE-3E0C-4B7D-B3BF-A45EE75FEBC2}.Debug|Any CPU.Build.0 = Debug|Any CPU
		{CAAF99BE-3E0C-4B7D-B3BF-A45EE75FEBC2}.Release|Any CPU.ActiveCfg = Release|Any CPU
		{CAAF99BE-3E0C-4B7D-B3BF-A45EE75FEBC2}.Release|Any CPU.Build.0 = Release|Any CPU
	EndGlobalSection
	GlobalSection(SolutionProperties) = preSolution
		HideSolutionNode = FALSE
	EndGlobalSection
	GlobalSection(ExtensibilityGlobals) = postSolution
		SolutionGuid = {78CA2371-30A1-4B05-B425-A424C9AE4020}
	EndGlobalSection
EndGlobal
